
Microsoft Visual Studio Solution File, Format Version 12.00
# Visual Studio Version 17
VisualStudioVersion = 17.4.33205.214
MinimumVisualStudioVersion = 10.0.40219.1
Project("{FAE04EC0-301F-11D3-BF4B-00C04F79EFBC}") = "TestCode", "TestCode\TestCode.csproj", "{4C111796-3276-49A3-8962-357CF4ACF7DC}"
EndProject
Global
	GlobalSection(SolutionConfigurationPlatforms) = preSolution
		Debug|Any CPU = Debug|Any CPU
		Release|Any CPU = Release|Any CPU
	EndGlobalSection
	GlobalSection(ProjectConfigurationPlatforms) = postSolution
		{4C111796-3276-49A3-8962-357CF4ACF7DC}.Debug|Any CPU.ActiveCfg = Debug|Any CPU
		{4C111796-3276-49A3-8962-357CF4ACF7DC}.Debug|Any CPU.Build.0 = Debug|Any CPU
		{4C111796-3276-49A3-8962-357CF4ACF7DC}.Release|Any CPU.ActiveCfg = Release|Any CPU
		{4C111796-3276-49A3-8962-357CF4ACF7DC}.Release|Any CPU.Build.0 = Release|Any CPU
	EndGlobalSection
	GlobalSection(SolutionProperties) = preSolution
		HideSolutionNode = FALSE
	EndGlobalSection
	GlobalSection(ExtensibilityGlobals) = postSolution
		SolutionGuid = {288B98AC-A5CD-483C-9B4D-802437331A76}
	EndGlobalSection
EndGlobal
